
Microsoft Visual Studio Solution File, Format Version 12.00
# Visual Studio Version 16
VisualStudioVersion = 16.0.29806.167
MinimumVisualStudioVersion = 10.0.40219.1
Project("{FAE04EC0-301F-11D3-BF4B-00C04F79EFBC}") = "MyWineCellar", "MyWineCellar\MyWineCellar.csproj", "{6AF8B7A6-7C57-433D-8CD3-8EB8A138C831}"
EndProject
Project("{9A19103F-16F7-4668-BE54-9A1E7A4F7556}") = "MyWineCellar.Tests", "MyWineCellar.Tests\MyWineCellar.Tests.csproj", "{83EFAEA4-B116-4D6E-A947-1C7A5F9B5302}"
EndProject
Project("{FAE04EC0-301F-11D3-BF4B-00C04F79EFBC}") = "MyWineCellar.DAL", "MyWineCellar.DAL\MyWineCellar.DAL.csproj", "{B200AC1D-26E5-49D9-84B3-9D4D30206C0E}"
EndProject
Project("{FAE04EC0-301F-11D3-BF4B-00C04F79EFBC}") = "MyWineCellar.DTO", "MyWineCellar.DTO\MyWineCellar.DTO.csproj", "{79F95D20-3081-4C3E-8489-00C4A980757D}"
EndProject
Project("{FAE04EC0-301F-11D3-BF4B-00C04F79EFBC}") = "MyWineCellar.Repository", "MyWineCellar.Repository\MyWineCellar.Repository.csproj", "{890D18D1-BE6C-4738-A0FC-A65B86C15F3A}"
EndProject
Global
	GlobalSection(SolutionConfigurationPlatforms) = preSolution
		Debug|Any CPU = Debug|Any CPU
		Debug|ARM = Debug|ARM
		Debug|ARM64 = Debug|ARM64
		Debug|x64 = Debug|x64
		Debug|x86 = Debug|x86
		Release|Any CPU = Release|Any CPU
		Release|ARM = Release|ARM
		Release|ARM64 = Release|ARM64
		Release|x64 = Release|x64
		Release|x86 = Release|x86
	EndGlobalSection
	GlobalSection(ProjectConfigurationPlatforms) = postSolution
		{6AF8B7A6-7C57-433D-8CD3-8EB8A138C831}.Debug|Any CPU.ActiveCfg = Debug|x86
		{6AF8B7A6-7C57-433D-8CD3-8EB8A138C831}.Debug|ARM.ActiveCfg = Debug|ARM
		{6AF8B7A6-7C57-433D-8CD3-8EB8A138C831}.Debug|ARM.Build.0 = Debug|ARM
		{6AF8B7A6-7C57-433D-8CD3-8EB8A138C831}.Debug|ARM.Deploy.0 = Debug|ARM
		{6AF8B7A6-7C57-433D-8CD3-8EB8A138C831}.Debug|ARM64.ActiveCfg = Debug|ARM64
		{6AF8B7A6-7C57-433D-8CD3-8EB8A138C831}.Debug|ARM64.Build.0 = Debug|ARM64
		{6AF8B7A6-7C57-433D-8CD3-8EB8A138C831}.Debug|ARM64.Deploy.0 = Debug|ARM64
		{6AF8B7A6-7C57-433D-8CD3-8EB8A138C831}.Debug|x64.ActiveCfg = Debug|x64
		{6AF8B7A6-7C57-433D-8CD3-8EB8A138C831}.Debug|x64.Build.0 = Debug|x64
		{6AF8B7A6-7C57-433D-8CD3-8EB8A138C831}.Debug|x64.Deploy.0 = Debug|x64
		{6AF8B7A6-7C57-433D-8CD3-8EB8A138C831}.Debug|x86.ActiveCfg = Debug|x86
		{6AF8B7A6-7C57-433D-8CD3-8EB8A138C831}.Debug|x86.Build.0 = Debug|x86
		{6AF8B7A6-7C57-433D-8CD3-8EB8A138C831}.Debug|x86.Deploy.0 = Debug|x86
		{6AF8B7A6-7C57-433D-8CD3-8EB8A138C831}.Release|Any CPU.ActiveCfg = Release|x86
		{6AF8B7A6-7C57-433D-8CD3-8EB8A138C831}.Release|ARM.ActiveCfg = Release|ARM
		{6AF8B7A6-7C57-433D-8CD3-8EB8A138C831}.Release|ARM.Build.0 = Release|ARM
		{6AF8B7A6-7C57-433D-8CD3-8EB8A138C831}.Release|ARM.Deploy.0 = Release|ARM
		{6AF8B7A6-7C57-433D-8CD3-8EB8A138C831}.Release|ARM64.ActiveCfg = Release|ARM64
		{6AF8B7A6-7C57-433D-8CD3-8EB8A138C831}.Release|ARM64.Build.0 = Release|ARM64
		{6AF8B7A6-7C57-433D-8CD3-8EB8A138C831}.Release|ARM64.Deploy.0 = Release|ARM64
		{6AF8B7A6-7C57-433D-8CD3-8EB8A138C831}.Release|x64.ActiveCfg = Release|x64
		{6AF8B7A6-7C57-433D-8CD3-8EB8A138C831}.Release|x64.Build.0 = Release|x64
		{6AF8B7A6-7C57-433D-8CD3-8EB8A138C831}.Release|x64.Deploy.0 = Release|x64
		{6AF8B7A6-7C57-433D-8CD3-8EB8A138C831}.Release|x86.ActiveCfg = Release|x86
		{6AF8B7A6-7C57-433D-8CD3-8EB8A138C831}.Release|x86.Build.0 = Release|x86
		{6AF8B7A6-7C57-433D-8CD3-8EB8A138C831}.Release|x86.Deploy.0 = Release|x86
		{83EFAEA4-B116-4D6E-A947-1C7A5F9B5302}.Debug|Any CPU.ActiveCfg = Debug|Any CPU
		{83EFAEA4-B116-4D6E-A947-1C7A5F9B5302}.Debug|Any CPU.Build.0 = Debug|Any CPU
		{83EFAEA4-B116-4D6E-A947-1C7A5F9B5302}.Debug|ARM.ActiveCfg = Debug|Any CPU
		{83EFAEA4-B116-4D6E-A947-1C7A5F9B5302}.Debug|ARM.Build.0 = Debug|Any CPU
		{83EFAEA4-B116-4D6E-A947-1C7A5F9B5302}.Debug|ARM64.ActiveCfg = Debug|Any CPU
		{83EFAEA4-B116-4D6E-A947-1C7A5F9B5302}.Debug|ARM64.Build.0 = Debug|Any CPU
		{83EFAEA4-B116-4D6E-A947-1C7A5F9B5302}.Debug|x64.ActiveCfg = Debug|Any CPU
		{83EFAEA4-B116-4D6E-A947-1C7A5F9B5302}.Debug|x64.Build.0 = Debug|Any CPU
		{83EFAEA4-B116-4D6E-A947-1C7A5F9B5302}.Debug|x86.ActiveCfg = Debug|Any CPU
		{83EFAEA4-B116-4D6E-A947-1C7A5F9B5302}.Debug|x86.Build.0 = Debug|Any CPU
		{83EFAEA4-B116-4D6E-A947-1C7A5F9B5302}.Release|Any CPU.ActiveCfg = Release|Any CPU
		{83EFAEA4-B116-4D6E-A947-1C7A5F9B5302}.Release|Any CPU.Build.0 = Release|Any CPU
		{83EFAEA4-B116-4D6E-A947-1C7A5F9B5302}.Release|ARM.ActiveCfg = Release|Any CPU
		{83EFAEA4-B116-4D6E-A947-1C7A5F9B5302}.Release|ARM.Build.0 = Release|Any CPU
		{83EFAEA4-B116-4D6E-A947-1C7A5F9B5302}.Release|ARM64.ActiveCfg = Release|Any CPU
		{83EFAEA4-B116-4D6E-A947-1C7A5F9B5302}.Release|ARM64.Build.0 = Release|Any CPU
		{83EFAEA4-B116-4D6E-A947-1C7A5F9B5302}.Release|x64.ActiveCfg = Release|Any CPU
		{83EFAEA4-B116-4D6E-A947-1C7A5F9B5302}.Release|x64.Build.0 = Release|Any CPU
		{83EFAEA4-B116-4D6E-A947-1C7A5F9B5302}.Release|x86.ActiveCfg = Release|Any CPU
		{83EFAEA4-B116-4D6E-A947-1C7A5F9B5302}.Release|x86.Build.0 = Release|Any CPU
		{B200AC1D-26E5-49D9-84B3-9D4D30206C0E}.Debug|Any CPU.ActiveCfg = Debug|Any CPU
		{B200AC1D-26E5-49D9-84B3-9D4D30206C0E}.Debug|Any CPU.Build.0 = Debug|Any CPU
		{B200AC1D-26E5-49D9-84B3-9D4D30206C0E}.Debug|ARM.ActiveCfg = Debug|ARM
		{B200AC1D-26E5-49D9-84B3-9D4D30206C0E}.Debug|ARM.Build.0 = Debug|ARM
		{B200AC1D-26E5-49D9-84B3-9D4D30206C0E}.Debug|ARM64.ActiveCfg = Debug|ARM64
		{B200AC1D-26E5-49D9-84B3-9D4D30206C0E}.Debug|ARM64.Build.0 = Debug|ARM64
		{B200AC1D-26E5-49D9-84B3-9D4D30206C0E}.Debug|x64.ActiveCfg = Debug|x64
		{B200AC1D-26E5-49D9-84B3-9D4D30206C0E}.Debug|x64.Build.0 = Debug|x64
		{B200AC1D-26E5-49D9-84B3-9D4D30206C0E}.Debug|x86.ActiveCfg = Debug|x86
		{B200AC1D-26E5-49D9-84B3-9D4D30206C0E}.Debug|x86.Build.0 = Debug|x86
		{B200AC1D-26E5-49D9-84B3-9D4D30206C0E}.Release|Any CPU.ActiveCfg = Release|Any CPU
		{B200AC1D-26E5-49D9-84B3-9D4D30206C0E}.Release|Any CPU.Build.0 = Release|Any CPU
		{B200AC1D-26E5-49D9-84B3-9D4D30206C0E}.Release|ARM.ActiveCfg = Release|ARM
		{B200AC1D-26E5-49D9-84B3-9D4D30206C0E}.Release|ARM.Build.0 = Release|ARM
		{B200AC1D-26E5-49D9-84B3-9D4D30206C0E}.Release|ARM64.ActiveCfg = Release|ARM64
		{B200AC1D-26E5-49D9-84B3-9D4D30206C0E}.Release|ARM64.Build.0 = Release|ARM64
		{B200AC1D-26E5-49D9-84B3-9D4D30206C0E}.Release|x64.ActiveCfg = Release|x64
		{B200AC1D-26E5-49D9-84B3-9D4D30206C0E}.Release|x64.Build.0 = Release|x64
		{B200AC1D-26E5-49D9-84B3-9D4D30206C0E}.Release|x86.ActiveCfg = Release|x86
		{B200AC1D-26E5-49D9-84B3-9D4D30206C0E}.Release|x86.Build.0 = Release|x86
		{79F95D20-3081-4C3E-8489-00C4A980757D}.Debug|Any CPU.ActiveCfg = Debug|Any CPU
		{79F95D20-3081-4C3E-8489-00C4A980757D}.Debug|Any CPU.Build.0 = Debug|Any CPU
		{79F95D20-3081-4C3E-8489-00C4A980757D}.Debug|ARM.ActiveCfg = Debug|ARM
		{79F95D20-3081-4C3E-8489-00C4A980757D}.Debug|ARM.Build.0 = Debug|ARM
		{79F95D20-3081-4C3E-8489-00C4A980757D}.Debug|ARM64.ActiveCfg = Debug|ARM64
		{79F95D20-3081-4C3E-8489-00C4A980757D}.Debug|ARM64.Build.0 = Debug|ARM64
		{79F95D20-3081-4C3E-8489-00C4A980757D}.Debug|x64.ActiveCfg = Debug|x64
		{79F95D20-3081-4C3E-8489-00C4A980757D}.Debug|x64.Build.0 = Debug|x64
		{79F95D20-3081-4C3E-8489-00C4A980757D}.Debug|x86.ActiveCfg = Debug|x86
		{79F95D20-3081-4C3E-8489-00C4A980757D}.Debug|x86.Build.0 = Debug|x86
		{79F95D20-3081-4C3E-8489-00C4A980757D}.Release|Any CPU.ActiveCfg = Release|Any CPU
		{79F95D20-3081-4C3E-8489-00C4A980757D}.Release|Any CPU.Build.0 = Release|Any CPU
		{79F95D20-3081-4C3E-8489-00C4A980757D}.Release|ARM.ActiveCfg = Release|ARM
		{79F95D20-3081-4C3E-8489-00C4A980757D}.Release|ARM.Build.0 = Release|ARM
		{79F95D20-3081-4C3E-8489-00C4A980757D}.Release|ARM64.ActiveCfg = Release|ARM64
		{79F95D20-3081-4C3E-8489-00C4A980757D}.Release|ARM64.Build.0 = Release|ARM64
		{79F95D20-3081-4C3E-8489-00C4A980757D}.Release|x64.ActiveCfg = Release|x64
		{79F95D20-3081-4C3E-8489-00C4A980757D}.Release|x64.Build.0 = Release|x64
		{79F95D20-3081-4C3E-8489-00C4A980757D}.Release|x86.ActiveCfg = Release|x86
		{79F95D20-3081-4C3E-8489-00C4A980757D}.Release|x86.Build.0 = Release|x86
		{890D18D1-BE6C-4738-A0FC-A65B86C15F3A}.Debug|Any CPU.ActiveCfg = Debug|Any CPU
		{890D18D1-BE6C-4738-A0FC-A65B86C15F3A}.Debug|Any CPU.Build.0 = Debug|Any CPU
		{890D18D1-BE6C-4738-A0FC-A65B86C15F3A}.Debug|ARM.ActiveCfg = Debug|ARM
		{890D18D1-BE6C-4738-A0FC-A65B86C15F3A}.Debug|ARM.Build.0 = Debug|ARM
		{890D18D1-BE6C-4738-A0FC-A65B86C15F3A}.Debug|ARM64.ActiveCfg = Debug|ARM64
		{890D18D1-BE6C-4738-A0FC-A65B86C15F3A}.Debug|ARM64.Build.0 = Debug|ARM64
		{890D18D1-BE6C-4738-A0FC-A65B86C15F3A}.Debug|x64.ActiveCfg = Debug|x64
		{890D18D1-BE6C-4738-A0FC-A65B86C15F3A}.Debug|x64.Build.0 = Debug|x64
		{890D18D1-BE6C-4738-A0FC-A65B86C15F3A}.Debug|x86.ActiveCfg = Debug|x86
		{890D18D1-BE6C-4738-A0FC-A65B86C15F3A}.Debug|x86.Build.0 = Debug|x86
		{890D18D1-BE6C-4738-A0FC-A65B86C15F3A}.Release|Any CPU.ActiveCfg = Release|Any CPU
		{890D18D1-BE6C-4738-A0FC-A65B86C15F3A}.Release|Any CPU.Build.0 = Release|Any CPU
		{890D18D1-BE6C-4738-A0FC-A65B86C15F3A}.Release|ARM.ActiveCfg = Release|ARM
		{890D18D1-BE6C-4738-A0FC-A65B86C15F3A}.Release|ARM.Build.0 = Release|ARM
		{890D18D1-BE6C-4738-A0FC-A65B86C15F3A}.Release|ARM64.ActiveCfg = Release|ARM64
		{890D18D1-BE6C-4738-A0FC-A65B86C15F3A}.Release|ARM64.Build.0 = Release|ARM64
		{890D18D1-BE6C-4738-A0FC-A65B86C15F3A}.Release|x64.ActiveCfg = Release|x64
		{890D18D1-BE6C-4738-A0FC-A65B86C15F3A}.Release|x64.Build.0 = Release|x64
		{890D18D1-BE6C-4738-A0FC-A65B86C15F3A}.Release|x86.ActiveCfg = Release|x86
		{890D18D1-BE6C-4738-A0FC-A65B86C15F3A}.Release|x86.Build.0 = Release|x86
	EndGlobalSection
	GlobalSection(SolutionProperties) = preSolution
		HideSolutionNode = FALSE
	EndGlobalSection
	GlobalSection(ExtensibilityGlobals) = postSolution
		SolutionGuid = {AC01E395-3BC8-4026-9B72-4A9FCCD7D2F7}
	EndGlobalSection
EndGlobal
